// !$*UTF8*$!
{
	archiveVersion = 1;
	classes = {
	};
	objectVersion = 46;
	objects = {

/* Begin PBXBuildFile section */
		6F79E06138725903FA09BB69 /* libPods-GoEuro.a in Frameworks */ = {isa = PBXBuildFile; fileRef = 4EF06F2A6FBF055F417B764B /* libPods-GoEuro.a */; };
		79C4389551EAD7729B7501BD /* libPods-GoEuroUITests.a in Frameworks */ = {isa = PBXBuildFile; fileRef = 4D98A7021E42BFC7F790A6C2 /* libPods-GoEuroUITests.a */; };
		BED450274817FFC350031036 /* libPods-GoEuroTests.a in Frameworks */ = {isa = PBXBuildFile; fileRef = 3E24B770C95B2070BF50ED39 /* libPods-GoEuroTests.a */; };
		F5339E381E3486F60037C18B /* main.m in Sources */ = {isa = PBXBuildFile; fileRef = F5339E371E3486F60037C18B /* main.m */; };
		F5339E3B1E3486F60037C18B /* AppDelegate.m in Sources */ = {isa = PBXBuildFile; fileRef = F5339E3A1E3486F60037C18B /* AppDelegate.m */; };
		F5339E3E1E3486F60037C18B /* ViewController.m in Sources */ = {isa = PBXBuildFile; fileRef = F5339E3D1E3486F60037C18B /* ViewController.m */; };
		F5339E411E3486F60037C18B /* Main.storyboard in Resources */ = {isa = PBXBuildFile; fileRef = F5339E3F1E3486F60037C18B /* Main.storyboard */; };
		F5339E431E3486F60037C18B /* Assets.xcassets in Resources */ = {isa = PBXBuildFile; fileRef = F5339E421E3486F60037C18B /* Assets.xcassets */; };
		F5339E461E3486F60037C18B /* LaunchScreen.storyboard in Resources */ = {isa = PBXBuildFile; fileRef = F5339E441E3486F60037C18B /* LaunchScreen.storyboard */; };
		F5339E511E3486F60037C18B /* GoEuroTests.m in Sources */ = {isa = PBXBuildFile; fileRef = F5339E501E3486F60037C18B /* GoEuroTests.m */; };
		F5339E5C1E3486F60037C18B /* GoEuroUITests.m in Sources */ = {isa = PBXBuildFile; fileRef = F5339E5B1E3486F60037C18B /* GoEuroUITests.m */; };
		F5339E6C1E348D9D0037C18B /* GoEuroDataSourceManager.m in Sources */ = {isa = PBXBuildFile; fileRef = F5339E6B1E348D9D0037C18B /* GoEuroDataSourceManager.m */; };
		F5339E9B1E34993E0037C18B /* Itinerary.m in Sources */ = {isa = PBXBuildFile; fileRef = F5339E9A1E34993E0037C18B /* Itinerary.m */; };
		F5339ED21E349E1F0037C18B /* ItineraryCell.m in Sources */ = {isa = PBXBuildFile; fileRef = F5339ED01E349E1F0037C18B /* ItineraryCell.m */; };
		F5339EFD1E34B3E70037C18B /* CloudRequestManager.m in Sources */ = {isa = PBXBuildFile; fileRef = F5339EFC1E34B3E70037C18B /* CloudRequestManager.m */; };
		F5339F011E34C90B0037C18B /* GoEuroDataCache.m in Sources */ = {isa = PBXBuildFile; fileRef = F5339F001E34C90B0037C18B /* GoEuroDataCache.m */; };
		F5339F031E34E3F90037C18B /* Placeholder.png in Resources */ = {isa = PBXBuildFile; fileRef = F5339F021E34E3F90037C18B /* Placeholder.png */; };
/* End PBXBuildFile section */

/* Begin PBXContainerItemProxy section */
		F5339E4D1E3486F60037C18B /* PBXContainerItemProxy */ = {
			isa = PBXContainerItemProxy;
			containerPortal = F5339E2B1E3486F50037C18B /* Project object */;
			proxyType = 1;
			remoteGlobalIDString = F5339E321E3486F50037C18B;
			remoteInfo = GoEuro;
		};
		F5339E581E3486F60037C18B /* PBXContainerItemProxy */ = {
			isa = PBXContainerItemProxy;
			containerPortal = F5339E2B1E3486F50037C18B /* Project object */;
			proxyType = 1;
			remoteGlobalIDString = F5339E321E3486F50037C18B;
			remoteInfo = GoEuro;
		};
/* End PBXContainerItemProxy section */

/* Begin PBXFileReference section */
		148BB8E1AD717ADA4255D29E /* Pods-GoEuro.debug.xcconfig */ = {isa = PBXFileReference; includeInIndex = 1; lastKnownFileType = text.xcconfig; name = "Pods-GoEuro.debug.xcconfig"; path = "Pods/Target Support Files/Pods-GoEuro/Pods-GoEuro.debug.xcconfig"; sourceTree = "<group>"; };
		176F857DA3842F1E7D30FBC6 /* Pods-GoEuroUITests.release.xcconfig */ = {isa = PBXFileReference; includeInIndex = 1; lastKnownFileType = text.xcconfig; name = "Pods-GoEuroUITests.release.xcconfig"; path = "Pods/Target Support Files/Pods-GoEuroUITests/Pods-GoEuroUITests.release.xcconfig"; sourceTree = "<group>"; };
		3900E06389A63EA1991A24EE /* Pods-GoEuroTests.release.xcconfig */ = {isa = PBXFileReference; includeInIndex = 1; lastKnownFileType = text.xcconfig; name = "Pods-GoEuroTests.release.xcconfig"; path = "Pods/Target Support Files/Pods-GoEuroTests/Pods-GoEuroTests.release.xcconfig"; sourceTree = "<group>"; };
		3E24B770C95B2070BF50ED39 /* libPods-GoEuroTests.a */ = {isa = PBXFileReference; explicitFileType = archive.ar; includeInIndex = 0; path = "libPods-GoEuroTests.a"; sourceTree = BUILT_PRODUCTS_DIR; };
		4D98A7021E42BFC7F790A6C2 /* libPods-GoEuroUITests.a */ = {isa = PBXFileReference; explicitFileType = archive.ar; includeInIndex = 0; path = "libPods-GoEuroUITests.a"; sourceTree = BUILT_PRODUCTS_DIR; };
		4EF06F2A6FBF055F417B764B /* libPods-GoEuro.a */ = {isa = PBXFileReference; explicitFileType = archive.ar; includeInIndex = 0; path = "libPods-GoEuro.a"; sourceTree = BUILT_PRODUCTS_DIR; };
		96238CE705C7B87B26C16061 /* Pods-GoEuroUITests.debug.xcconfig */ = {isa = PBXFileReference; includeInIndex = 1; lastKnownFileType = text.xcconfig; name = "Pods-GoEuroUITests.debug.xcconfig"; path = "Pods/Target Support Files/Pods-GoEuroUITests/Pods-GoEuroUITests.debug.xcconfig"; sourceTree = "<group>"; };
		C71AA465B95CA445D4B232C4 /* Pods-GoEuroTests.debug.xcconfig */ = {isa = PBXFileReference; includeInIndex = 1; lastKnownFileType = text.xcconfig; name = "Pods-GoEuroTests.debug.xcconfig"; path = "Pods/Target Support Files/Pods-GoEuroTests/Pods-GoEuroTests.debug.xcconfig"; sourceTree = "<group>"; };
		EE8003E49D4DAA30674F738B /* Pods-GoEuro.release.xcconfig */ = {isa = PBXFileReference; includeInIndex = 1; lastKnownFileType = text.xcconfig; name = "Pods-GoEuro.release.xcconfig"; path = "Pods/Target Support Files/Pods-GoEuro/Pods-GoEuro.release.xcconfig"; sourceTree = "<group>"; };
		F5339E331E3486F50037C18B /* GoEuro.app */ = {isa = PBXFileReference; explicitFileType = wrapper.application; includeInIndex = 0; path = GoEuro.app; sourceTree = BUILT_PRODUCTS_DIR; };
		F5339E371E3486F60037C18B /* main.m */ = {isa = PBXFileReference; lastKnownFileType = sourcecode.c.objc; path = main.m; sourceTree = "<group>"; };
		F5339E391E3486F60037C18B /* AppDelegate.h */ = {isa = PBXFileReference; lastKnownFileType = sourcecode.c.h; path = AppDelegate.h; sourceTree = "<group>"; };
		F5339E3A1E3486F60037C18B /* AppDelegate.m */ = {isa = PBXFileReference; lastKnownFileType = sourcecode.c.objc; path = AppDelegate.m; sourceTree = "<group>"; };
		F5339E3C1E3486F60037C18B /* ViewController.h */ = {isa = PBXFileReference; lastKnownFileType = sourcecode.c.h; path = ViewController.h; sourceTree = "<group>"; };
		F5339E3D1E3486F60037C18B /* ViewController.m */ = {isa = PBXFileReference; lastKnownFileType = sourcecode.c.objc; path = ViewController.m; sourceTree = "<group>"; };
		F5339E401E3486F60037C18B /* Base */ = {isa = PBXFileReference; lastKnownFileType = file.storyboard; name = Base; path = Base.lproj/Main.storyboard; sourceTree = "<group>"; };
		F5339E421E3486F60037C18B /* Assets.xcassets */ = {isa = PBXFileReference; lastKnownFileType = folder.assetcatalog; path = Assets.xcassets; sourceTree = "<group>"; };
		F5339E451E3486F60037C18B /* Base */ = {isa = PBXFileReference; lastKnownFileType = file.storyboard; name = Base; path = Base.lproj/LaunchScreen.storyboard; sourceTree = "<group>"; };
		F5339E471E3486F60037C18B /* Info.plist */ = {isa = PBXFileReference; lastKnownFileType = text.plist.xml; path = Info.plist; sourceTree = "<group>"; };
		F5339E4C1E3486F60037C18B /* GoEuroTests.xctest */ = {isa = PBXFileReference; explicitFileType = wrapper.cfbundle; includeInIndex = 0; path = GoEuroTests.xctest; sourceTree = BUILT_PRODUCTS_DIR; };
		F5339E501E3486F60037C18B /* GoEuroTests.m */ = {isa = PBXFileReference; lastKnownFileType = sourcecode.c.objc; path = GoEuroTests.m; sourceTree = "<group>"; };
		F5339E521E3486F60037C18B /* Info.plist */ = {isa = PBXFileReference; lastKnownFileType = text.plist.xml; path = Info.plist; sourceTree = "<group>"; };
		F5339E571E3486F60037C18B /* GoEuroUITests.xctest */ = {isa = PBXFileReference; explicitFileType = wrapper.cfbundle; includeInIndex = 0; path = GoEuroUITests.xctest; sourceTree = BUILT_PRODUCTS_DIR; };
		F5339E5B1E3486F60037C18B /* GoEuroUITests.m */ = {isa = PBXFileReference; lastKnownFileType = sourcecode.c.objc; path = GoEuroUITests.m; sourceTree = "<group>"; };
		F5339E5D1E3486F60037C18B /* Info.plist */ = {isa = PBXFileReference; lastKnownFileType = text.plist.xml; path = Info.plist; sourceTree = "<group>"; };
		F5339E6A1E348D9D0037C18B /* GoEuroDataSourceManager.h */ = {isa = PBXFileReference; fileEncoding = 4; lastKnownFileType = sourcecode.c.h; path = GoEuroDataSourceManager.h; sourceTree = "<group>"; };
		F5339E6B1E348D9D0037C18B /* GoEuroDataSourceManager.m */ = {isa = PBXFileReference; fileEncoding = 4; lastKnownFileType = sourcecode.c.objc; path = GoEuroDataSourceManager.m; sourceTree = "<group>"; };
		F5339E991E34993E0037C18B /* Itinerary.h */ = {isa = PBXFileReference; fileEncoding = 4; lastKnownFileType = sourcecode.c.h; path = Itinerary.h; sourceTree = "<group>"; };
		F5339E9A1E34993E0037C18B /* Itinerary.m */ = {isa = PBXFileReference; fileEncoding = 4; lastKnownFileType = sourcecode.c.objc; path = Itinerary.m; sourceTree = "<group>"; };
		F5339ECF1E349E1F0037C18B /* ItineraryCell.h */ = {isa = PBXFileReference; fileEncoding = 4; lastKnownFileType = sourcecode.c.h; path = ItineraryCell.h; sourceTree = "<group>"; };
		F5339ED01E349E1F0037C18B /* ItineraryCell.m */ = {isa = PBXFileReference; fileEncoding = 4; lastKnownFileType = sourcecode.c.objc; path = ItineraryCell.m; sourceTree = "<group>"; };
		F5339EFB1E34B3E70037C18B /* CloudRequestManager.h */ = {isa = PBXFileReference; fileEncoding = 4; lastKnownFileType = sourcecode.c.h; path = CloudRequestManager.h; sourceTree = "<group>"; };
		F5339EFC1E34B3E70037C18B /* CloudRequestManager.m */ = {isa = PBXFileReference; fileEncoding = 4; lastKnownFileType = sourcecode.c.objc; path = CloudRequestManager.m; sourceTree = "<group>"; };
		F5339EFE1E34B5270037C18B /* GoEuroDataTypes.h */ = {isa = PBXFileReference; fileEncoding = 4; lastKnownFileType = sourcecode.c.h; path = GoEuroDataTypes.h; sourceTree = "<group>"; };
		F5339EFF1E34C90B0037C18B /* GoEuroDataCache.h */ = {isa = PBXFileReference; fileEncoding = 4; lastKnownFileType = sourcecode.c.h; path = GoEuroDataCache.h; sourceTree = "<group>"; };
		F5339F001E34C90B0037C18B /* GoEuroDataCache.m */ = {isa = PBXFileReference; fileEncoding = 4; lastKnownFileType = sourcecode.c.objc; path = GoEuroDataCache.m; sourceTree = "<group>"; };
		F5339F021E34E3F90037C18B /* Placeholder.png */ = {isa = PBXFileReference; lastKnownFileType = image.png; path = Placeholder.png; sourceTree = "<group>"; };
/* End PBXFileReference section */

/* Begin PBXFrameworksBuildPhase section */
		F5339E301E3486F50037C18B /* Frameworks */ = {
			isa = PBXFrameworksBuildPhase;
			buildActionMask = 2147483647;
			files = (
				6F79E06138725903FA09BB69 /* libPods-GoEuro.a in Frameworks */,
			);
			runOnlyForDeploymentPostprocessing = 0;
		};
		F5339E491E3486F60037C18B /* Frameworks */ = {
			isa = PBXFrameworksBuildPhase;
			buildActionMask = 2147483647;
			files = (
				BED450274817FFC350031036 /* libPods-GoEuroTests.a in Frameworks */,
			);
			runOnlyForDeploymentPostprocessing = 0;
		};
		F5339E541E3486F60037C18B /* Frameworks */ = {
			isa = PBXFrameworksBuildPhase;
			buildActionMask = 2147483647;
			files = (
				79C4389551EAD7729B7501BD /* libPods-GoEuroUITests.a in Frameworks */,
			);
			runOnlyForDeploymentPostprocessing = 0;
		};
/* End PBXFrameworksBuildPhase section */

/* Begin PBXGroup section */
		326E73DAED4FC30822BA3DDA /* Pods */ = {
			isa = PBXGroup;
			children = (
				148BB8E1AD717ADA4255D29E /* Pods-GoEuro.debug.xcconfig */,
				EE8003E49D4DAA30674F738B /* Pods-GoEuro.release.xcconfig */,
				C71AA465B95CA445D4B232C4 /* Pods-GoEuroTests.debug.xcconfig */,
				3900E06389A63EA1991A24EE /* Pods-GoEuroTests.release.xcconfig */,
				96238CE705C7B87B26C16061 /* Pods-GoEuroUITests.debug.xcconfig */,
				176F857DA3842F1E7D30FBC6 /* Pods-GoEuroUITests.release.xcconfig */,
			);
			name = Pods;
			sourceTree = "<group>";
		};
		8C6100C69A69AC9FB653B6F9 /* Frameworks */ = {
			isa = PBXGroup;
			children = (
				4EF06F2A6FBF055F417B764B /* libPods-GoEuro.a */,
				3E24B770C95B2070BF50ED39 /* libPods-GoEuroTests.a */,
				4D98A7021E42BFC7F790A6C2 /* libPods-GoEuroUITests.a */,
			);
			name = Frameworks;
			sourceTree = "<group>";
		};
		F5339E2A1E3486F50037C18B = {
			isa = PBXGroup;
			children = (
				F5339E351E3486F50037C18B /* GoEuro */,
				F5339E4F1E3486F60037C18B /* GoEuroTests */,
				F5339E5A1E3486F60037C18B /* GoEuroUITests */,
				F5339E341E3486F50037C18B /* Products */,
				326E73DAED4FC30822BA3DDA /* Pods */,
				8C6100C69A69AC9FB653B6F9 /* Frameworks */,
			);
			sourceTree = "<group>";
		};
		F5339E341E3486F50037C18B /* Products */ = {
			isa = PBXGroup;
			children = (
				F5339E331E3486F50037C18B /* GoEuro.app */,
				F5339E4C1E3486F60037C18B /* GoEuroTests.xctest */,
				F5339E571E3486F60037C18B /* GoEuroUITests.xctest */,
			);
			name = Products;
			sourceTree = "<group>";
		};
		F5339E351E3486F50037C18B /* GoEuro */ = {
			isa = PBXGroup;
			children = (
				F5339EC41E349C070037C18B /* Cells */,
				F5339E981E3499090037C18B /* Models */,
				F5339E691E348D7C0037C18B /* Data Source */,
				F5339E391E3486F60037C18B /* AppDelegate.h */,
				F5339E3A1E3486F60037C18B /* AppDelegate.m */,
				F5339E3C1E3486F60037C18B /* ViewController.h */,
				F5339E3D1E3486F60037C18B /* ViewController.m */,
				F5339E3F1E3486F60037C18B /* Main.storyboard */,
				F5339E421E3486F60037C18B /* Assets.xcassets */,
				F5339E441E3486F60037C18B /* LaunchScreen.storyboard */,
				F5339E471E3486F60037C18B /* Info.plist */,
				F5339E361E3486F50037C18B /* Supporting Files */,
			);
			path = GoEuro;
			sourceTree = "<group>";
		};
		F5339E361E3486F50037C18B /* Supporting Files */ = {
			isa = PBXGroup;
			children = (
				F5339F021E34E3F90037C18B /* Placeholder.png */,
				F5339E371E3486F60037C18B /* main.m */,
			);
			name = "Supporting Files";
			sourceTree = "<group>";
		};
		F5339E4F1E3486F60037C18B /* GoEuroTests */ = {
			isa = PBXGroup;
			children = (
				F5339E501E3486F60037C18B /* GoEuroTests.m */,
				F5339E521E3486F60037C18B /* Info.plist */,
			);
			path = GoEuroTests;
			sourceTree = "<group>";
		};
		F5339E5A1E3486F60037C18B /* GoEuroUITests */ = {
			isa = PBXGroup;
			children = (
				F5339E5B1E3486F60037C18B /* GoEuroUITests.m */,
				F5339E5D1E3486F60037C18B /* Info.plist */,
			);
			path = GoEuroUITests;
			sourceTree = "<group>";
		};
		F5339E691E348D7C0037C18B /* Data Source */ = {
			isa = PBXGroup;
			children = (
				F5339E9C1E349A080037C18B /* Http Module */,
				F5339E6A1E348D9D0037C18B /* GoEuroDataSourceManager.h */,
				F5339E6B1E348D9D0037C18B /* GoEuroDataSourceManager.m */,
				F5339EFE1E34B5270037C18B /* GoEuroDataTypes.h */,
				F5339EFF1E34C90B0037C18B /* GoEuroDataCache.h */,
				F5339F001E34C90B0037C18B /* GoEuroDataCache.m */,
			);
			path = "Data Source";
			sourceTree = "<group>";
		};
		F5339E981E3499090037C18B /* Models */ = {
			isa = PBXGroup;
			children = (
				F5339E991E34993E0037C18B /* Itinerary.h */,
				F5339E9A1E34993E0037C18B /* Itinerary.m */,
			);
			path = Models;
			sourceTree = "<group>";
		};
		F5339E9C1E349A080037C18B /* Http Module */ = {
			isa = PBXGroup;
			children = (
				F5339EFB1E34B3E70037C18B /* CloudRequestManager.h */,
				F5339EFC1E34B3E70037C18B /* CloudRequestManager.m */,
			);
			path = "Http Module";
			sourceTree = "<group>";
		};
		F5339EC41E349C070037C18B /* Cells */ = {
			isa = PBXGroup;
			children = (
				F5339ECF1E349E1F0037C18B /* ItineraryCell.h */,
				F5339ED01E349E1F0037C18B /* ItineraryCell.m */,
			);
			path = Cells;
			sourceTree = "<group>";
		};
/* End PBXGroup section */

/* Begin PBXNativeTarget section */
		F5339E321E3486F50037C18B /* GoEuro */ = {
			isa = PBXNativeTarget;
			buildConfigurationList = F5339E601E3486F60037C18B /* Build configuration list for PBXNativeTarget "GoEuro" */;
			buildPhases = (
				CFFDEF7DEFCF7BE3A75C65BB /* [CP] Check Pods Manifest.lock */,
				F5339E2F1E3486F50037C18B /* Sources */,
				F5339E301E3486F50037C18B /* Frameworks */,
				F5339E311E3486F50037C18B /* Resources */,
				E09A7494CB07D4EBCE0E7934 /* [CP] Embed Pods Frameworks */,
				77B39ACA1AF5A5F2C9A8F8C3 /* [CP] Copy Pods Resources */,
			);
			buildRules = (
			);
			dependencies = (
			);
			name = GoEuro;
			productName = GoEuro;
			productReference = F5339E331E3486F50037C18B /* GoEuro.app */;
			productType = "com.apple.product-type.application";
		};
		F5339E4B1E3486F60037C18B /* GoEuroTests */ = {
			isa = PBXNativeTarget;
			buildConfigurationList = F5339E631E3486F60037C18B /* Build configuration list for PBXNativeTarget "GoEuroTests" */;
			buildPhases = (
				2B3C71AD39D376C2EA75B789 /* [CP] Check Pods Manifest.lock */,
				F5339E481E3486F60037C18B /* Sources */,
				F5339E491E3486F60037C18B /* Frameworks */,
				F5339E4A1E3486F60037C18B /* Resources */,
				E447C87F6AB1E7624666B0FF /* [CP] Embed Pods Frameworks */,
				33FD0B27BD4BF2A9A2E11CCE /* [CP] Copy Pods Resources */,
			);
			buildRules = (
			);
			dependencies = (
				F5339E4E1E3486F60037C18B /* PBXTargetDependency */,
			);
			name = GoEuroTests;
			productName = GoEuroTests;
			productReference = F5339E4C1E3486F60037C18B /* GoEuroTests.xctest */;
			productType = "com.apple.product-type.bundle.unit-test";
		};
		F5339E561E3486F60037C18B /* GoEuroUITests */ = {
			isa = PBXNativeTarget;
			buildConfigurationList = F5339E661E3486F60037C18B /* Build configuration list for PBXNativeTarget "GoEuroUITests" */;
			buildPhases = (
				1331C1D6BD6313AE036F2AFA /* [CP] Check Pods Manifest.lock */,
				F5339E531E3486F60037C18B /* Sources */,
				F5339E541E3486F60037C18B /* Frameworks */,
				F5339E551E3486F60037C18B /* Resources */,
				1EE0F5C3D70426665B22BD1F /* [CP] Copy Pods Resources */,
			);
			buildRules = (
			);
			dependencies = (
				F5339E591E3486F60037C18B /* PBXTargetDependency */,
			);
			name = GoEuroUITests;
			productName = GoEuroUITests;
			productReference = F5339E571E3486F60037C18B /* GoEuroUITests.xctest */;
			productType = "com.apple.product-type.bundle.ui-testing";
		};
/* End PBXNativeTarget section */

/* Begin PBXProject section */
		F5339E2B1E3486F50037C18B /* Project object */ = {
			isa = PBXProject;
			attributes = {
				LastUpgradeCheck = 0730;
				TargetAttributes = {
					F5339E321E3486F50037C18B = {
						CreatedOnToolsVersion = 7.3.1;
					};
					F5339E4B1E3486F60037C18B = {
						CreatedOnToolsVersion = 7.3.1;
						TestTargetID = F5339E321E3486F50037C18B;
					};
					F5339E561E3486F60037C18B = {
						CreatedOnToolsVersion = 7.3.1;
						TestTargetID = F5339E321E3486F50037C18B;
					};
				};
			};
			buildConfigurationList = F5339E2E1E3486F50037C18B /* Build configuration list for PBXProject "GoEuro" */;
			compatibilityVersion = "Xcode 3.2";
			developmentRegion = English;
			hasScannedForEncodings = 0;
			knownRegions = (
				en,
				Base,
			);
			mainGroup = F5339E2A1E3486F50037C18B;
			productRefGroup = F5339E341E3486F50037C18B /* Products */;
			projectDirPath = "";
			projectRoot = "";
			targets = (
				F5339E321E3486F50037C18B /* GoEuro */,
				F5339E4B1E3486F60037C18B /* GoEuroTests */,
				F5339E561E3486F60037C18B /* GoEuroUITests */,
			);
		};
/* End PBXProject section */

/* Begin PBXResourcesBuildPhase section */
		F5339E311E3486F50037C18B /* Resources */ = {
			isa = PBXResourcesBuildPhase;
			buildActionMask = 2147483647;
			files = (
				F5339E461E3486F60037C18B /* LaunchScreen.storyboard in Resources */,
				F5339F031E34E3F90037C18B /* Placeholder.png in Resources */,
				F5339E431E3486F60037C18B /* Assets.xcassets in Resources */,
				F5339E411E3486F60037C18B /* Main.storyboard in Resources */,
			);
			runOnlyForDeploymentPostprocessing = 0;
		};
		F5339E4A1E3486F60037C18B /* Resources */ = {
			isa = PBXResourcesBuildPhase;
			buildActionMask = 2147483647;
			files = (
			);
			runOnlyForDeploymentPostprocessing = 0;
		};
		F5339E551E3486F60037C18B /* Resources */ = {
			isa = PBXResourcesBuildPhase;
			buildActionMask = 2147483647;
			files = (
			);
			runOnlyForDeploymentPostprocessing = 0;
		};
/* End PBXResourcesBuildPhase section */

/* Begin PBXShellScriptBuildPhase section */
		1331C1D6BD6313AE036F2AFA /* [CP] Check Pods Manifest.lock */ = {
			isa = PBXShellScriptBuildPhase;
			buildActionMask = 2147483647;
			files = (
			);
			inputPaths = (
			);
			name = "[CP] Check Pods Manifest.lock";
			outputPaths = (
			);
			runOnlyForDeploymentPostprocessing = 0;
			shellPath = /bin/sh;
			shellScript = "diff \"${PODS_ROOT}/../Podfile.lock\" \"${PODS_ROOT}/Manifest.lock\" > /dev/null\nif [[ $? != 0 ]] ; then\n    cat << EOM\nerror: The sandbox is not in sync with the Podfile.lock. Run 'pod install' or update your CocoaPods installation.\nEOM\n    exit 1\nfi\n";
			showEnvVarsInLog = 0;
		};
		1EE0F5C3D70426665B22BD1F /* [CP] Copy Pods Resources */ = {
			isa = PBXShellScriptBuildPhase;
			buildActionMask = 2147483647;
			files = (
			);
			inputPaths = (
			);
			name = "[CP] Copy Pods Resources";
			outputPaths = (
			);
			runOnlyForDeploymentPostprocessing = 0;
			shellPath = /bin/sh;
			shellScript = "\"${SRCROOT}/Pods/Target Support Files/Pods-GoEuroUITests/Pods-GoEuroUITests-resources.sh\"\n";
			showEnvVarsInLog = 0;
		};
		2B3C71AD39D376C2EA75B789 /* [CP] Check Pods Manifest.lock */ = {
			isa = PBXShellScriptBuildPhase;
			buildActionMask = 2147483647;
			files = (
			);
			inputPaths = (
			);
			name = "[CP] Check Pods Manifest.lock";
			outputPaths = (
			);
			runOnlyForDeploymentPostprocessing = 0;
			shellPath = /bin/sh;
			shellScript = "diff \"${PODS_ROOT}/../Podfile.lock\" \"${PODS_ROOT}/Manifest.lock\" > /dev/null\nif [[ $? != 0 ]] ; then\n    cat << EOM\nerror: The sandbox is not in sync with the Podfile.lock. Run 'pod install' or update your CocoaPods installation.\nEOM\n    exit 1\nfi\n";
			showEnvVarsInLog = 0;
		};
		33FD0B27BD4BF2A9A2E11CCE /* [CP] Copy Pods Resources */ = {
			isa = PBXShellScriptBuildPhase;
			buildActionMask = 2147483647;
			files = (
			);
			inputPaths = (
			);
			name = "[CP] Copy Pods Resources";
			outputPaths = (
			);
			runOnlyForDeploymentPostprocessing = 0;
			shellPath = /bin/sh;
			shellScript = "\"${SRCROOT}/Pods/Target Support Files/Pods-GoEuroTests/Pods-GoEuroTests-resources.sh\"\n";
			showEnvVarsInLog = 0;
		};
		77B39ACA1AF5A5F2C9A8F8C3 /* [CP] Copy Pods Resources */ = {
			isa = PBXShellScriptBuildPhase;
			buildActionMask = 2147483647;
			files = (
			);
			inputPaths = (
			);
			name = "[CP] Copy Pods Resources";
			outputPaths = (
			);
			runOnlyForDeploymentPostprocessing = 0;
			shellPath = /bin/sh;
			shellScript = "\"${SRCROOT}/Pods/Target Support Files/Pods-GoEuro/Pods-GoEuro-resources.sh\"\n";
			showEnvVarsInLog = 0;
		};
		CFFDEF7DEFCF7BE3A75C65BB /* [CP] Check Pods Manifest.lock */ = {
			isa = PBXShellScriptBuildPhase;
			buildActionMask = 2147483647;
			files = (
			);
			inputPaths = (
			);
			name = "[CP] Check Pods Manifest.lock";
			outputPaths = (
			);
			runOnlyForDeploymentPostprocessing = 0;
			shellPath = /bin/sh;
			shellScript = "diff \"${PODS_ROOT}/../Podfile.lock\" \"${PODS_ROOT}/Manifest.lock\" > /dev/null\nif [[ $? != 0 ]] ; then\n    cat << EOM\nerror: The sandbox is not in sync with the Podfile.lock. Run 'pod install' or update your CocoaPods installation.\nEOM\n    exit 1\nfi\n";
			showEnvVarsInLog = 0;
		};
		E09A7494CB07D4EBCE0E7934 /* [CP] Embed Pods Frameworks */ = {
			isa = PBXShellScriptBuildPhase;
			buildActionMask = 2147483647;
			files = (
			);
			inputPaths = (
			);
			name = "[CP] Embed Pods Frameworks";
			outputPaths = (
			);
			runOnlyForDeploymentPostprocessing = 0;
			shellPath = /bin/sh;
			shellScript = "\"${SRCROOT}/Pods/Target Support Files/Pods-GoEuro/Pods-GoEuro-frameworks.sh\"\n";
			showEnvVarsInLog = 0;
		};
		E447C87F6AB1E7624666B0FF /* [CP] Embed Pods Frameworks */ = {
			isa = PBXShellScriptBuildPhase;
			buildActionMask = 2147483647;
			files = (
			);
			inputPaths = (
			);
			name = "[CP] Embed Pods Frameworks";
			outputPaths = (
			);
			runOnlyForDeploymentPostprocessing = 0;
			shellPath = /bin/sh;
			shellScript = "\"${SRCROOT}/Pods/Target Support Files/Pods-GoEuroTests/Pods-GoEuroTests-frameworks.sh\"\n";
			showEnvVarsInLog = 0;
		};
/* End PBXShellScriptBuildPhase section */

/* Begin PBXSourcesBuildPhase section */
		F5339E2F1E3486F50037C18B /* Sources */ = {
			isa = PBXSourcesBuildPhase;
			buildActionMask = 2147483647;
			files = (
				F5339EFD1E34B3E70037C18B /* CloudRequestManager.m in Sources */,
				F5339E9B1E34993E0037C18B /* Itinerary.m in Sources */,
				F5339E3E1E3486F60037C18B /* ViewController.m in Sources */,
				F5339F011E34C90B0037C18B /* GoEuroDataCache.m in Sources */,
				F5339ED21E349E1F0037C18B /* ItineraryCell.m in Sources */,
				F5339E6C1E348D9D0037C18B /* GoEuroDataSourceManager.m in Sources */,
				F5339E3B1E3486F60037C18B /* AppDelegate.m in Sources */,
				F5339E381E3486F60037C18B /* main.m in Sources */,
			);
			runOnlyForDeploymentPostprocessing = 0;
		};
		F5339E481E3486F60037C18B /* Sources */ = {
			isa = PBXSourcesBuildPhase;
			buildActionMask = 2147483647;
			files = (
				F5339E511E3486F60037C18B /* GoEuroTests.m in Sources */,
			);
			runOnlyForDeploymentPostprocessing = 0;
		};
		F5339E531E3486F60037C18B /* Sources */ = {
			isa = PBXSourcesBuildPhase;
			buildActionMask = 2147483647;
			files = (
				F5339E5C1E3486F60037C18B /* GoEuroUITests.m in Sources */,
			);
			runOnlyForDeploymentPostprocessing = 0;
		};
/* End PBXSourcesBuildPhase section */

/* Begin PBXTargetDependency section */
		F5339E4E1E3486F60037C18B /* PBXTargetDependency */ = {
			isa = PBXTargetDependency;
			target = F5339E321E3486F50037C18B /* GoEuro */;
			targetProxy = F5339E4D1E3486F60037C18B /* PBXContainerItemProxy */;
		};
		F5339E591E3486F60037C18B /* PBXTargetDependency */ = {
			isa = PBXTargetDependency;
			target = F5339E321E3486F50037C18B /* GoEuro */;
			targetProxy = F5339E581E3486F60037C18B /* PBXContainerItemProxy */;
		};
/* End PBXTargetDependency section */

/* Begin PBXVariantGroup section */
		F5339E3F1E3486F60037C18B /* Main.storyboard */ = {
			isa = PBXVariantGroup;
			children = (
				F5339E401E3486F60037C18B /* Base */,
			);
			name = Main.storyboard;
			sourceTree = "<group>";
		};
		F5339E441E3486F60037C18B /* LaunchScreen.storyboard */ = {
			isa = PBXVariantGroup;
			children = (
				F5339E451E3486F60037C18B /* Base */,
			);
			name = LaunchScreen.storyboard;
			sourceTree = "<group>";
		};
/* End PBXVariantGroup section */

/* Begin XCBuildConfiguration section */
		F5339E5E1E3486F60037C18B /* Debug */ = {
			isa = XCBuildConfiguration;
			buildSettings = {
				ALWAYS_SEARCH_USER_PATHS = NO;
				CLANG_ANALYZER_NONNULL = YES;
				CLANG_CXX_LANGUAGE_STANDARD = "gnu++0x";
				CLANG_CXX_LIBRARY = "libc++";
				CLANG_ENABLE_MODULES = YES;
				CLANG_ENABLE_OBJC_ARC = YES;
				CLANG_WARN_BOOL_CONVERSION = YES;
				CLANG_WARN_CONSTANT_CONVERSION = YES;
				CLANG_WARN_DIRECT_OBJC_ISA_USAGE = YES_ERROR;
				CLANG_WARN_EMPTY_BODY = YES;
				CLANG_WARN_ENUM_CONVERSION = YES;
				CLANG_WARN_INT_CONVERSION = YES;
				CLANG_WARN_OBJC_ROOT_CLASS = YES_ERROR;
				CLANG_WARN_UNREACHABLE_CODE = YES;
				CLANG_WARN__DUPLICATE_METHOD_MATCH = YES;
				"CODE_SIGN_IDENTITY[sdk=iphoneos*]" = "iPhone Developer";
				COPY_PHASE_STRIP = NO;
				DEBUG_INFORMATION_FORMAT = dwarf;
				ENABLE_STRICT_OBJC_MSGSEND = YES;
				ENABLE_TESTABILITY = YES;
				GCC_C_LANGUAGE_STANDARD = gnu99;
				GCC_DYNAMIC_NO_PIC = NO;
				GCC_NO_COMMON_BLOCKS = YES;
				GCC_OPTIMIZATION_LEVEL = 0;
				GCC_PREPROCESSOR_DEFINITIONS = (
					"DEBUG=1",
					"$(inherited)",
				);
				GCC_WARN_64_TO_32_BIT_CONVERSION = YES;
				GCC_WARN_ABOUT_RETURN_TYPE = YES_ERROR;
				GCC_WARN_UNDECLARED_SELECTOR = YES;
				GCC_WARN_UNINITIALIZED_AUTOS = YES_AGGRESSIVE;
				GCC_WARN_UNUSED_FUNCTION = YES;
				GCC_WARN_UNUSED_VARIABLE = YES;
				IPHONEOS_DEPLOYMENT_TARGET = 7.0;
				MTL_ENABLE_DEBUG_INFO = YES;
				ONLY_ACTIVE_ARCH = YES;
				SDKROOT = iphoneos;
				TARGETED_DEVICE_FAMILY = "1,2";
			};
			name = Debug;
		};
		F5339E5F1E3486F60037C18B /* Release */ = {
			isa = XCBuildConfiguration;
			buildSettings = {
				ALWAYS_SEARCH_USER_PATHS = NO;
				CLANG_ANALYZER_NONNULL = YES;
				CLANG_CXX_LANGUAGE_STANDARD = "gnu++0x";
				CLANG_CXX_LIBRARY = "libc++";
				CLANG_ENABLE_MODULES = YES;
				CLANG_ENABLE_OBJC_ARC = YES;
				CLANG_WARN_BOOL_CONVERSION = YES;
				CLANG_WARN_CONSTANT_CONVERSION = YES;
				CLANG_WARN_DIRECT_OBJC_ISA_USAGE = YES_ERROR;
				CLANG_WARN_EMPTY_BODY = YES;
				CLANG_WARN_ENUM_CONVERSION = YES;
				CLANG_WARN_INT_CONVERSION = YES;
				CLANG_WARN_OBJC_ROOT_CLASS = YES_ERROR;
				CLANG_WARN_UNREACHABLE_CODE = YES;
				CLANG_WARN__DUPLICATE_METHOD_MATCH = YES;
				"CODE_SIGN_IDENTITY[sdk=iphoneos*]" = "iPhone Developer";
				COPY_PHASE_STRIP = NO;
				DEBUG_INFORMATION_FORMAT = "dwarf-with-dsym";
				ENABLE_NS_ASSERTIONS = NO;
				ENABLE_STRICT_OBJC_MSGSEND = YES;
				GCC_C_LANGUAGE_STANDARD = gnu99;
				GCC_NO_COMMON_BLOCKS = YES;
				GCC_WARN_64_TO_32_BIT_CONVERSION = YES;
				GCC_WARN_ABOUT_RETURN_TYPE = YES_ERROR;
				GCC_WARN_UNDECLARED_SELECTOR = YES;
				GCC_WARN_UNINITIALIZED_AUTOS = YES_AGGRESSIVE;
				GCC_WARN_UNUSED_FUNCTION = YES;
				GCC_WARN_UNUSED_VARIABLE = YES;
				IPHONEOS_DEPLOYMENT_TARGET = 7.0;
				MTL_ENABLE_DEBUG_INFO = NO;
				SDKROOT = iphoneos;
				TARGETED_DEVICE_FAMILY = "1,2";
				VALIDATE_PRODUCT = YES;
			};
			name = Release;
		};
		F5339E611E3486F60037C18B /* Debug */ = {
			isa = XCBuildConfiguration;
			baseConfigurationReference = 148BB8E1AD717ADA4255D29E /* Pods-GoEuro.debug.xcconfig */;
			buildSettings = {
				ASSETCATALOG_COMPILER_APPICON_NAME = AppIcon;
				INFOPLIST_FILE = GoEuro/Info.plist;
				LD_RUNPATH_SEARCH_PATHS = "$(inherited) @executable_path/Frameworks";
				PRODUCT_BUNDLE_IDENTIFIER = "-.GoEuro";
				PRODUCT_NAME = "$(TARGET_NAME)";
			};
			name = Debug;
		};
		F5339E621E3486F60037C18B /* Release */ = {
			isa = XCBuildConfiguration;
			baseConfigurationReference = EE8003E49D4DAA30674F738B /* Pods-GoEuro.release.xcconfig */;
			buildSettings = {
				ASSETCATALOG_COMPILER_APPICON_NAME = AppIcon;
				INFOPLIST_FILE = GoEuro/Info.plist;
				LD_RUNPATH_SEARCH_PATHS = "$(inherited) @executable_path/Frameworks";
				PRODUCT_BUNDLE_IDENTIFIER = "-.GoEuro";
				PRODUCT_NAME = "$(TARGET_NAME)";
			};
			name = Release;
		};
		F5339E641E3486F60037C18B /* Debug */ = {
			isa = XCBuildConfiguration;
			baseConfigurationReference = C71AA465B95CA445D4B232C4 /* Pods-GoEuroTests.debug.xcconfig */;
			buildSettings = {
				BUNDLE_LOADER = "$(TEST_HOST)";
				INFOPLIST_FILE = GoEuroTests/Info.plist;
				LD_RUNPATH_SEARCH_PATHS = "$(inherited) @executable_path/Frameworks @loader_path/Frameworks";
				PRODUCT_BUNDLE_IDENTIFIER = "-.GoEuroTests";
				PRODUCT_NAME = "$(TARGET_NAME)";
				TEST_HOST = "$(BUILT_PRODUCTS_DIR)/GoEuro.app/GoEuro";
			};
			name = Debug;
		};
		F5339E651E3486F60037C18B /* Release */ = {
			isa = XCBuildConfiguration;
			baseConfigurationReference = 3900E06389A63EA1991A24EE /* Pods-GoEuroTests.release.xcconfig */;
			buildSettings = {
				BUNDLE_LOADER = "$(TEST_HOST)";
				INFOPLIST_FILE = GoEuroTests/Info.plist;
				LD_RUNPATH_SEARCH_PATHS = "$(inherited) @executable_path/Frameworks @loader_path/Frameworks";
				PRODUCT_BUNDLE_IDENTIFIER = "-.GoEuroTests";
				PRODUCT_NAME = "$(TARGET_NAME)";
				TEST_HOST = "$(BUILT_PRODUCTS_DIR)/GoEuro.app/GoEuro";
			};
			name = Release;
		};
		F5339E671E3486F60037C18B /* Debug */ = {
			isa = XCBuildConfiguration;
			baseConfigurationReference = 96238CE705C7B87B26C16061 /* Pods-GoEuroUITests.debug.xcconfig */;
			buildSettings = {
				INFOPLIST_FILE = GoEuroUITests/Info.plist;
				LD_RUNPATH_SEARCH_PATHS = "$(inherited) @executable_path/Frameworks @loader_path/Frameworks";
				PRODUCT_BUNDLE_IDENTIFIER = "-.GoEuroUITests";
				PRODUCT_NAME = "$(TARGET_NAME)";
				TEST_TARGET_NAME = GoEuro;
			};
			name = Debug;
		};
		F5339E681E3486F60037C18B /* Release */ = {
			isa = XCBuildConfiguration;
			baseConfigurationReference = 176F857DA3842F1E7D30FBC6 /* Pods-GoEuroUITests.release.xcconfig */;
			buildSettings = {
				INFOPLIST_FILE = GoEuroUITests/Info.plist;
				LD_RUNPATH_SEARCH_PATHS = "$(inherited) @executable_path/Frameworks @loader_path/Frameworks";
				PRODUCT_BUNDLE_IDENTIFIER = "-.GoEuroUITests";
				PRODUCT_NAME = "$(TARGET_NAME)";
				TEST_TARGET_NAME = GoEuro;
			};
			name = Release;
		};
/* End XCBuildConfiguration section */

/* Begin XCConfigurationList section */
		F5339E2E1E3486F50037C18B /* Build configuration list for PBXProject "GoEuro" */ = {
			isa = XCConfigurationList;
			buildConfigurations = (
				F5339E5E1E3486F60037C18B /* Debug */,
				F5339E5F1E3486F60037C18B /* Release */,
			);
			defaultConfigurationIsVisible = 0;
			defaultConfigurationName = Release;
		};
		F5339E601E3486F60037C18B /* Build configuration list for PBXNativeTarget "GoEuro" */ = {
			isa = XCConfigurationList;
			buildConfigurations = (
				F5339E611E3486F60037C18B /* Debug */,
				F5339E621E3486F60037C18B /* Release */,
			);
			defaultConfigurationIsVisible = 0;
			defaultConfigurationName = Release;
		};
		F5339E631E3486F60037C18B /* Build configuration list for PBXNativeTarget "GoEuroTests" */ = {
			isa = XCConfigurationList;
			buildConfigurations = (
				F5339E641E3486F60037C18B /* Debug */,
				F5339E651E3486F60037C18B /* Release */,
			);
			defaultConfigurationIsVisible = 0;
			defaultConfigurationName = Release;
		};
		F5339E661E3486F60037C18B /* Build configuration list for PBXNativeTarget "GoEuroUITests" */ = {
			isa = XCConfigurationList;
			buildConfigurations = (
				F5339E671E3486F60037C18B /* Debug */,
				F5339E681E3486F60037C18B /* Release */,
			);
			defaultConfigurationIsVisible = 0;
			defaultConfigurationName = Release;
		};
/* End XCConfigurationList section */
	};
	rootObject = F5339E2B1E3486F50037C18B /* Project object */;
}
